
Microsoft Visual Studio Solution File, Format Version 12.00
# Visual Studio Version 16
VisualStudioVersion = 16.0.29911.84
MinimumVisualStudioVersion = 10.0.40219.1
Project("{FAE04EC0-301F-11D3-BF4B-00C04F79EFBC}") = "SimpleAnimation", "SimpleAnimation\SimpleAnimation.csproj", "{419C91FE-BFEE-4626-A01A-CDF646B8CD17}"
EndProject
Global
	GlobalSection(SolutionConfigurationPlatforms) = preSolution
		Debug|Any CPU = Debug|Any CPU
		Release|Any CPU = Release|Any CPU
	EndGlobalSection
	GlobalSection(ProjectConfigurationPlatforms) = postSolution
		{419C91FE-BFEE-4626-A01A-CDF646B8CD17}.Debug|Any CPU.ActiveCfg = Debug|Any CPU
		{419C91FE-BFEE-4626-A01A-CDF646B8CD17}.Debug|Any CPU.Build.0 = Debug|Any CPU
		{419C91FE-BFEE-4626-A01A-CDF646B8CD17}.Release|Any CPU.ActiveCfg = Release|Any CPU
		{419C91FE-BFEE-4626-A01A-CDF646B8CD17}.Release|Any CPU.Build.0 = Release|Any CPU
	EndGlobalSection
	GlobalSection(SolutionProperties) = preSolution
		HideSolutionNode = FALSE
	EndGlobalSection
	GlobalSection(ExtensibilityGlobals) = postSolution
		SolutionGuid = {775A717A-7791-43D2-98BB-E8AA84CD6512}
	EndGlobalSection
EndGlobal
